// !$*UTF8*$!
{
	archiveVersion = 1;
	classes = {
	};
	objectVersion = 46;
	objects = {

/* Begin PBXBuildFile section */
		8CE9CC20190A7D4300ADCF46 /* JMBFirstViewController.m in Sources */ = {isa = PBXBuildFile; fileRef = 8CE9CC1B190A7D4300ADCF46 /* JMBFirstViewController.m */; };
		8CE9CC21190A7D4300ADCF46 /* JMBNantaraViewController.m in Sources */ = {isa = PBXBuildFile; fileRef = 8CE9CC1D190A7D4300ADCF46 /* JMBNantaraViewController.m */; };
		8CE9CC22190A7D4300ADCF46 /* JMBSecondViewController.m in Sources */ = {isa = PBXBuildFile; fileRef = 8CE9CC1F190A7D4300ADCF46 /* JMBSecondViewController.m */; };
		8CE9CC24190A7D5000ADCF46 /* JMBAppDelegate.m in Sources */ = {isa = PBXBuildFile; fileRef = 8CE9CC23190A7D5000ADCF46 /* JMBAppDelegate.m */; };
		8CED0AF318F5490A00A61FB6 /* Foundation.framework in Frameworks */ = {isa = PBXBuildFile; fileRef = 8CED0AF218F5490A00A61FB6 /* Foundation.framework */; };
		8CED0AF518F5490A00A61FB6 /* CoreGraphics.framework in Frameworks */ = {isa = PBXBuildFile; fileRef = 8CED0AF418F5490A00A61FB6 /* CoreGraphics.framework */; };
		8CED0AF718F5490A00A61FB6 /* UIKit.framework in Frameworks */ = {isa = PBXBuildFile; fileRef = 8CED0AF618F5490A00A61FB6 /* UIKit.framework */; };
		8CED0AFD18F5490A00A61FB6 /* InfoPlist.strings in Resources */ = {isa = PBXBuildFile; fileRef = 8CED0AFB18F5490A00A61FB6 /* InfoPlist.strings */; };
		8CED0AFF18F5490A00A61FB6 /* main.m in Sources */ = {isa = PBXBuildFile; fileRef = 8CED0AFE18F5490A00A61FB6 /* main.m */; };
		8CED0B0618F5490A00A61FB6 /* Main.storyboard in Resources */ = {isa = PBXBuildFile; fileRef = 8CED0B0418F5490A00A61FB6 /* Main.storyboard */; };
		8CED0B0E18F5490A00A61FB6 /* Images.xcassets in Resources */ = {isa = PBXBuildFile; fileRef = 8CED0B0D18F5490A00A61FB6 /* Images.xcassets */; };
		8CED0B1518F5490A00A61FB6 /* XCTest.framework in Frameworks */ = {isa = PBXBuildFile; fileRef = 8CED0B1418F5490A00A61FB6 /* XCTest.framework */; };
		8CED0B1618F5490A00A61FB6 /* Foundation.framework in Frameworks */ = {isa = PBXBuildFile; fileRef = 8CED0AF218F5490A00A61FB6 /* Foundation.framework */; };
		8CED0B1718F5490A00A61FB6 /* UIKit.framework in Frameworks */ = {isa = PBXBuildFile; fileRef = 8CED0AF618F5490A00A61FB6 /* UIKit.framework */; };
		8CED0B1F18F5490A00A61FB6 /* InfoPlist.strings in Resources */ = {isa = PBXBuildFile; fileRef = 8CED0B1D18F5490A00A61FB6 /* InfoPlist.strings */; };
		8CED0B2118F5490A00A61FB6 /* ios_traningTests.m in Sources */ = {isa = PBXBuildFile; fileRef = 8CED0B2018F5490A00A61FB6 /* ios_traningTests.m */; };
/* End PBXBuildFile section */

/* Begin PBXContainerItemProxy section */
		8CED0B1818F5490A00A61FB6 /* PBXContainerItemProxy */ = {
			isa = PBXContainerItemProxy;
			containerPortal = 8CED0AE718F5490900A61FB6 /* Project object */;
			proxyType = 1;
			remoteGlobalIDString = 8CED0AEE18F5490900A61FB6;
			remoteInfo = ios_traning;
		};
/* End PBXContainerItemProxy section */

/* Begin PBXFileReference section */
		8CE9CC1A190A7D4300ADCF46 /* JMBFirstViewController.h */ = {isa = PBXFileReference; fileEncoding = 4; lastKnownFileType = sourcecode.c.h; path = JMBFirstViewController.h; sourceTree = "<group>"; };
		8CE9CC1B190A7D4300ADCF46 /* JMBFirstViewController.m */ = {isa = PBXFileReference; fileEncoding = 4; lastKnownFileType = sourcecode.c.objc; path = JMBFirstViewController.m; sourceTree = "<group>"; };
		8CE9CC1C190A7D4300ADCF46 /* JMBNantaraViewController.h */ = {isa = PBXFileReference; fileEncoding = 4; lastKnownFileType = sourcecode.c.h; path = JMBNantaraViewController.h; sourceTree = "<group>"; };
		8CE9CC1D190A7D4300ADCF46 /* JMBNantaraViewController.m */ = {isa = PBXFileReference; fileEncoding = 4; lastKnownFileType = sourcecode.c.objc; path = JMBNantaraViewController.m; sourceTree = "<group>"; };
		8CE9CC1E190A7D4300ADCF46 /* JMBSecondViewController.h */ = {isa = PBXFileReference; fileEncoding = 4; lastKnownFileType = sourcecode.c.h; path = JMBSecondViewController.h; sourceTree = "<group>"; };
		8CE9CC1F190A7D4300ADCF46 /* JMBSecondViewController.m */ = {isa = PBXFileReference; fileEncoding = 4; lastKnownFileType = sourcecode.c.objc; path = JMBSecondViewController.m; sourceTree = "<group>"; };
		8CE9CC23190A7D5000ADCF46 /* JMBAppDelegate.m */ = {isa = PBXFileReference; fileEncoding = 4; lastKnownFileType = sourcecode.c.objc; path = JMBAppDelegate.m; sourceTree = "<group>"; };
		8CED0AEF18F5490900A61FB6 /* ios_traning.app */ = {isa = PBXFileReference; explicitFileType = wrapper.application; includeInIndex = 0; path = ios_traning.app; sourceTree = BUILT_PRODUCTS_DIR; };
		8CED0AF218F5490A00A61FB6 /* Foundation.framework */ = {isa = PBXFileReference; lastKnownFileType = wrapper.framework; name = Foundation.framework; path = System/Library/Frameworks/Foundation.framework; sourceTree = SDKROOT; };
		8CED0AF418F5490A00A61FB6 /* CoreGraphics.framework */ = {isa = PBXFileReference; lastKnownFileType = wrapper.framework; name = CoreGraphics.framework; path = System/Library/Frameworks/CoreGraphics.framework; sourceTree = SDKROOT; };
		8CED0AF618F5490A00A61FB6 /* UIKit.framework */ = {isa = PBXFileReference; lastKnownFileType = wrapper.framework; name = UIKit.framework; path = System/Library/Frameworks/UIKit.framework; sourceTree = SDKROOT; };
		8CED0AFA18F5490A00A61FB6 /* ios_traning-Info.plist */ = {isa = PBXFileReference; lastKnownFileType = text.plist.xml; path = "ios_traning-Info.plist"; sourceTree = "<group>"; };
		8CED0AFC18F5490A00A61FB6 /* en */ = {isa = PBXFileReference; lastKnownFileType = text.plist.strings; name = en; path = en.lproj/InfoPlist.strings; sourceTree = "<group>"; };
		8CED0AFE18F5490A00A61FB6 /* main.m */ = {isa = PBXFileReference; lastKnownFileType = sourcecode.c.objc; path = main.m; sourceTree = "<group>"; };
		8CED0B0018F5490A00A61FB6 /* ios_traning-Prefix.pch */ = {isa = PBXFileReference; lastKnownFileType = sourcecode.c.h; path = "ios_traning-Prefix.pch"; sourceTree = "<group>"; };
		8CED0B0118F5490A00A61FB6 /* JMBAppDelegate.h */ = {isa = PBXFileReference; lastKnownFileType = sourcecode.c.h; path = JMBAppDelegate.h; sourceTree = "<group>"; };
		8CED0B0518F5490A00A61FB6 /* Base */ = {isa = PBXFileReference; lastKnownFileType = file.storyboard; name = Base; path = Base.lproj/Main.storyboard; sourceTree = "<group>"; };
		8CED0B0D18F5490A00A61FB6 /* Images.xcassets */ = {isa = PBXFileReference; lastKnownFileType = folder.assetcatalog; path = Images.xcassets; sourceTree = "<group>"; };
		8CED0B1318F5490A00A61FB6 /* ios_traningTests.xctest */ = {isa = PBXFileReference; explicitFileType = wrapper.cfbundle; includeInIndex = 0; path = ios_traningTests.xctest; sourceTree = BUILT_PRODUCTS_DIR; };
		8CED0B1418F5490A00A61FB6 /* XCTest.framework */ = {isa = PBXFileReference; lastKnownFileType = wrapper.framework; name = XCTest.framework; path = Library/Frameworks/XCTest.framework; sourceTree = DEVELOPER_DIR; };
		8CED0B1C18F5490A00A61FB6 /* ios_traningTests-Info.plist */ = {isa = PBXFileReference; lastKnownFileType = text.plist.xml; path = "ios_traningTests-Info.plist"; sourceTree = "<group>"; };
		8CED0B1E18F5490A00A61FB6 /* en */ = {isa = PBXFileReference; lastKnownFileType = text.plist.strings; name = en; path = en.lproj/InfoPlist.strings; sourceTree = "<group>"; };
		8CED0B2018F5490A00A61FB6 /* ios_traningTests.m */ = {isa = PBXFileReference; lastKnownFileType = sourcecode.c.objc; path = ios_traningTests.m; sourceTree = "<group>"; };
/* End PBXFileReference section */

/* Begin PBXFrameworksBuildPhase section */
		8CED0AEC18F5490900A61FB6 /* Frameworks */ = {
			isa = PBXFrameworksBuildPhase;
			buildActionMask = 2147483647;
			files = (
				8CED0AF518F5490A00A61FB6 /* CoreGraphics.framework in Frameworks */,
				8CED0AF718F5490A00A61FB6 /* UIKit.framework in Frameworks */,
				8CED0AF318F5490A00A61FB6 /* Foundation.framework in Frameworks */,
			);
			runOnlyForDeploymentPostprocessing = 0;
		};
		8CED0B1018F5490A00A61FB6 /* Frameworks */ = {
			isa = PBXFrameworksBuildPhase;
			buildActionMask = 2147483647;
			files = (
				8CED0B1518F5490A00A61FB6 /* XCTest.framework in Frameworks */,
				8CED0B1718F5490A00A61FB6 /* UIKit.framework in Frameworks */,
				8CED0B1618F5490A00A61FB6 /* Foundation.framework in Frameworks */,
			);
			runOnlyForDeploymentPostprocessing = 0;
		};
/* End PBXFrameworksBuildPhase section */

/* Begin PBXGroup section */
		8CE9CC10190A7D1800ADCF46 /* asset */ = {
			isa = PBXGroup;
			children = (
			);
			path = asset;
			sourceTree = "<group>";
		};
		8CE9CC19190A7D4300ADCF46 /* Classes */ = {
			isa = PBXGroup;
			children = (
				8CE9CC1A190A7D4300ADCF46 /* JMBFirstViewController.h */,
				8CE9CC1B190A7D4300ADCF46 /* JMBFirstViewController.m */,
				8CE9CC1C190A7D4300ADCF46 /* JMBNantaraViewController.h */,
				8CE9CC1D190A7D4300ADCF46 /* JMBNantaraViewController.m */,
				8CE9CC1E190A7D4300ADCF46 /* JMBSecondViewController.h */,
				8CE9CC1F190A7D4300ADCF46 /* JMBSecondViewController.m */,
			);
			path = Classes;
			sourceTree = "<group>";
		};
		8CED0AE618F5490900A61FB6 = {
			isa = PBXGroup;
			children = (
				8CED0AF818F5490A00A61FB6 /* ios_traning */,
				8CED0B1A18F5490A00A61FB6 /* ios_traningTests */,
				8CED0AF118F5490900A61FB6 /* Frameworks */,
				8CED0AF018F5490900A61FB6 /* Products */,
			);
			sourceTree = "<group>";
		};
		8CED0AF018F5490900A61FB6 /* Products */ = {
			isa = PBXGroup;
			children = (
				8CED0AEF18F5490900A61FB6 /* ios_traning.app */,
				8CED0B1318F5490A00A61FB6 /* ios_traningTests.xctest */,
			);
			name = Products;
			sourceTree = "<group>";
		};
		8CED0AF118F5490900A61FB6 /* Frameworks */ = {
			isa = PBXGroup;
			children = (
				8CED0AF218F5490A00A61FB6 /* Foundation.framework */,
				8CED0AF418F5490A00A61FB6 /* CoreGraphics.framework */,
				8CED0AF618F5490A00A61FB6 /* UIKit.framework */,
				8CED0B1418F5490A00A61FB6 /* XCTest.framework */,
			);
			name = Frameworks;
			sourceTree = "<group>";
		};
		8CED0AF818F5490A00A61FB6 /* ios_traning */ = {
			isa = PBXGroup;
			children = (
				8CE9CC19190A7D4300ADCF46 /* Classes */,
				8CE9CC10190A7D1800ADCF46 /* asset */,
				8CED0B0118F5490A00A61FB6 /* JMBAppDelegate.h */,
				8CE9CC23190A7D5000ADCF46 /* JMBAppDelegate.m */,
				8CED0B0418F5490A00A61FB6 /* Main.storyboard */,
				8CED0B0D18F5490A00A61FB6 /* Images.xcassets */,
				8CED0AF918F5490A00A61FB6 /* Supporting Files */,
			);
			path = ios_traning;
			sourceTree = "<group>";
		};
		8CED0AF918F5490A00A61FB6 /* Supporting Files */ = {
			isa = PBXGroup;
			children = (
				8CED0AFA18F5490A00A61FB6 /* ios_traning-Info.plist */,
				8CED0AFB18F5490A00A61FB6 /* InfoPlist.strings */,
				8CED0AFE18F5490A00A61FB6 /* main.m */,
				8CED0B0018F5490A00A61FB6 /* ios_traning-Prefix.pch */,
			);
			name = "Supporting Files";
			sourceTree = "<group>";
		};
		8CED0B1A18F5490A00A61FB6 /* ios_traningTests */ = {
			isa = PBXGroup;
			children = (
				8CED0B2018F5490A00A61FB6 /* ios_traningTests.m */,
				8CED0B1B18F5490A00A61FB6 /* Supporting Files */,
			);
			path = ios_traningTests;
			sourceTree = "<group>";
		};
		8CED0B1B18F5490A00A61FB6 /* Supporting Files */ = {
			isa = PBXGroup;
			children = (
				8CED0B1C18F5490A00A61FB6 /* ios_traningTests-Info.plist */,
				8CED0B1D18F5490A00A61FB6 /* InfoPlist.strings */,
			);
			name = "Supporting Files";
			sourceTree = "<group>";
		};
/* End PBXGroup section */

/* Begin PBXNativeTarget section */
		8CED0AEE18F5490900A61FB6 /* ios_traning */ = {
			isa = PBXNativeTarget;
			buildConfigurationList = 8CED0B2418F5490A00A61FB6 /* Build configuration list for PBXNativeTarget "ios_traning" */;
			buildPhases = (
				8CED0AEB18F5490900A61FB6 /* Sources */,
				8CED0AEC18F5490900A61FB6 /* Frameworks */,
				8CED0AED18F5490900A61FB6 /* Resources */,
			);
			buildRules = (
			);
			dependencies = (
			);
			name = ios_traning;
			productName = ios_traning;
			productReference = 8CED0AEF18F5490900A61FB6 /* ios_traning.app */;
			productType = "com.apple.product-type.application";
		};
		8CED0B1218F5490A00A61FB6 /* ios_traningTests */ = {
			isa = PBXNativeTarget;
			buildConfigurationList = 8CED0B2718F5490A00A61FB6 /* Build configuration list for PBXNativeTarget "ios_traningTests" */;
			buildPhases = (
				8CED0B0F18F5490A00A61FB6 /* Sources */,
				8CED0B1018F5490A00A61FB6 /* Frameworks */,
				8CED0B1118F5490A00A61FB6 /* Resources */,
			);
			buildRules = (
			);
			dependencies = (
				8CED0B1918F5490A00A61FB6 /* PBXTargetDependency */,
			);
			name = ios_traningTests;
			productName = ios_traningTests;
			productReference = 8CED0B1318F5490A00A61FB6 /* ios_traningTests.xctest */;
			productType = "com.apple.product-type.bundle.unit-test";
		};
/* End PBXNativeTarget section */

/* Begin PBXProject section */
		8CED0AE718F5490900A61FB6 /* Project object */ = {
			isa = PBXProject;
			attributes = {
				CLASSPREFIX = JMB;
				LastUpgradeCheck = 0510;
				ORGANIZATIONNAME = "羽田 健太郎";
				TargetAttributes = {
					8CED0B1218F5490A00A61FB6 = {
						TestTargetID = 8CED0AEE18F5490900A61FB6;
					};
				};
			};
			buildConfigurationList = 8CED0AEA18F5490900A61FB6 /* Build configuration list for PBXProject "ios_traning" */;
			compatibilityVersion = "Xcode 3.2";
			developmentRegion = English;
			hasScannedForEncodings = 0;
			knownRegions = (
				en,
				Base,
			);
			mainGroup = 8CED0AE618F5490900A61FB6;
			productRefGroup = 8CED0AF018F5490900A61FB6 /* Products */;
			projectDirPath = "";
			projectRoot = "";
			targets = (
				8CED0AEE18F5490900A61FB6 /* ios_traning */,
				8CED0B1218F5490A00A61FB6 /* ios_traningTests */,
			);
		};
/* End PBXProject section */

/* Begin PBXResourcesBuildPhase section */
		8CED0AED18F5490900A61FB6 /* Resources */ = {
			isa = PBXResourcesBuildPhase;
			buildActionMask = 2147483647;
			files = (
				8CED0B0E18F5490A00A61FB6 /* Images.xcassets in Resources */,
				8CED0AFD18F5490A00A61FB6 /* InfoPlist.strings in Resources */,
				8CED0B0618F5490A00A61FB6 /* Main.storyboard in Resources */,
			);
			runOnlyForDeploymentPostprocessing = 0;
		};
		8CED0B1118F5490A00A61FB6 /* Resources */ = {
			isa = PBXResourcesBuildPhase;
			buildActionMask = 2147483647;
			files = (
				8CED0B1F18F5490A00A61FB6 /* InfoPlist.strings in Resources */,
			);
			runOnlyForDeploymentPostprocessing = 0;
		};
/* End PBXResourcesBuildPhase section */

/* Begin PBXSourcesBuildPhase section */
		8CED0AEB18F5490900A61FB6 /* Sources */ = {
			isa = PBXSourcesBuildPhase;
			buildActionMask = 2147483647;
			files = (
				8CE9CC22190A7D4300ADCF46 /* JMBSecondViewController.m in Sources */,
				8CE9CC24190A7D5000ADCF46 /* JMBAppDelegate.m in Sources */,
				8CE9CC21190A7D4300ADCF46 /* JMBNantaraViewController.m in Sources */,
				8CED0AFF18F5490A00A61FB6 /* main.m in Sources */,
				8CE9CC20190A7D4300ADCF46 /* JMBFirstViewController.m in Sources */,
			);
			runOnlyForDeploymentPostprocessing = 0;
		};
		8CED0B0F18F5490A00A61FB6 /* Sources */ = {
			isa = PBXSourcesBuildPhase;
			buildActionMask = 2147483647;
			files = (
				8CED0B2118F5490A00A61FB6 /* ios_traningTests.m in Sources */,
			);
			runOnlyForDeploymentPostprocessing = 0;
		};
/* End PBXSourcesBuildPhase section */

/* Begin PBXTargetDependency section */
		8CED0B1918F5490A00A61FB6 /* PBXTargetDependency */ = {
			isa = PBXTargetDependency;
			target = 8CED0AEE18F5490900A61FB6 /* ios_traning */;
			targetProxy = 8CED0B1818F5490A00A61FB6 /* PBXContainerItemProxy */;
		};
/* End PBXTargetDependency section */

/* Begin PBXVariantGroup section */
		8CED0AFB18F5490A00A61FB6 /* InfoPlist.strings */ = {
			isa = PBXVariantGroup;
			children = (
				8CED0AFC18F5490A00A61FB6 /* en */,
			);
			name = InfoPlist.strings;
			sourceTree = "<group>";
		};
		8CED0B0418F5490A00A61FB6 /* Main.storyboard */ = {
			isa = PBXVariantGroup;
			children = (
				8CED0B0518F5490A00A61FB6 /* Base */,
			);
			name = Main.storyboard;
			sourceTree = "<group>";
		};
		8CED0B1D18F5490A00A61FB6 /* InfoPlist.strings */ = {
			isa = PBXVariantGroup;
			children = (
				8CED0B1E18F5490A00A61FB6 /* en */,
			);
			name = InfoPlist.strings;
			sourceTree = "<group>";
		};
/* End PBXVariantGroup section */

/* Begin XCBuildConfiguration section */
		8CED0B2218F5490A00A61FB6 /* Debug */ = {
			isa = XCBuildConfiguration;
			buildSettings = {
				ALWAYS_SEARCH_USER_PATHS = NO;
				CLANG_CXX_LANGUAGE_STANDARD = "gnu++0x";
				CLANG_CXX_LIBRARY = "libc++";
				CLANG_ENABLE_MODULES = YES;
				CLANG_ENABLE_OBJC_ARC = YES;
				CLANG_WARN_BOOL_CONVERSION = YES;
				CLANG_WARN_CONSTANT_CONVERSION = YES;
				CLANG_WARN_DIRECT_OBJC_ISA_USAGE = YES_ERROR;
				CLANG_WARN_EMPTY_BODY = YES;
				CLANG_WARN_ENUM_CONVERSION = YES;
				CLANG_WARN_INT_CONVERSION = YES;
				CLANG_WARN_OBJC_ROOT_CLASS = YES_ERROR;
				CLANG_WARN__DUPLICATE_METHOD_MATCH = YES;
				"CODE_SIGN_IDENTITY[sdk=iphoneos*]" = "iPhone Developer";
				COPY_PHASE_STRIP = NO;
				GCC_C_LANGUAGE_STANDARD = gnu99;
				GCC_DYNAMIC_NO_PIC = NO;
				GCC_OPTIMIZATION_LEVEL = 0;
				GCC_PREPROCESSOR_DEFINITIONS = (
					"DEBUG=1",
					"$(inherited)",
				);
				GCC_SYMBOLS_PRIVATE_EXTERN = NO;
				GCC_WARN_64_TO_32_BIT_CONVERSION = YES;
				GCC_WARN_ABOUT_RETURN_TYPE = YES_ERROR;
				GCC_WARN_UNDECLARED_SELECTOR = YES;
				GCC_WARN_UNINITIALIZED_AUTOS = YES_AGGRESSIVE;
				GCC_WARN_UNUSED_FUNCTION = YES;
				GCC_WARN_UNUSED_VARIABLE = YES;
				IPHONEOS_DEPLOYMENT_TARGET = 7.1;
				ONLY_ACTIVE_ARCH = YES;
				SDKROOT = iphoneos;
			};
			name = Debug;
		};
		8CED0B2318F5490A00A61FB6 /* Release */ = {
			isa = XCBuildConfiguration;
			buildSettings = {
				ALWAYS_SEARCH_USER_PATHS = NO;
				CLANG_CXX_LANGUAGE_STANDARD = "gnu++0x";
				CLANG_CXX_LIBRARY = "libc++";
				CLANG_ENABLE_MODULES = YES;
				CLANG_ENABLE_OBJC_ARC = YES;
				CLANG_WARN_BOOL_CONVERSION = YES;
				CLANG_WARN_CONSTANT_CONVERSION = YES;
				CLANG_WARN_DIRECT_OBJC_ISA_USAGE = YES_ERROR;
				CLANG_WARN_EMPTY_BODY = YES;
				CLANG_WARN_ENUM_CONVERSION = YES;
				CLANG_WARN_INT_CONVERSION = YES;
				CLANG_WARN_OBJC_ROOT_CLASS = YES_ERROR;
				CLANG_WARN__DUPLICATE_METHOD_MATCH = YES;
				"CODE_SIGN_IDENTITY[sdk=iphoneos*]" = "iPhone Developer";
				COPY_PHASE_STRIP = YES;
				ENABLE_NS_ASSERTIONS = NO;
				GCC_C_LANGUAGE_STANDARD = gnu99;
				GCC_WARN_64_TO_32_BIT_CONVERSION = YES;
				GCC_WARN_ABOUT_RETURN_TYPE = YES_ERROR;
				GCC_WARN_UNDECLARED_SELECTOR = YES;
				GCC_WARN_UNINITIALIZED_AUTOS = YES_AGGRESSIVE;
				GCC_WARN_UNUSED_FUNCTION = YES;
				GCC_WARN_UNUSED_VARIABLE = YES;
				IPHONEOS_DEPLOYMENT_TARGET = 7.1;
				SDKROOT = iphoneos;
				VALIDATE_PRODUCT = YES;
			};
			name = Release;
		};
		8CED0B2518F5490A00A61FB6 /* Debug */ = {
			isa = XCBuildConfiguration;
			buildSettings = {
				ASSETCATALOG_COMPILER_APPICON_NAME = AppIcon;
				ASSETCATALOG_COMPILER_LAUNCHIMAGE_NAME = LaunchImage;
				GCC_PRECOMPILE_PREFIX_HEADER = YES;
				GCC_PREFIX_HEADER = "ios_traning/ios_traning-Prefix.pch";
				INFOPLIST_FILE = "ios_traning/ios_traning-Info.plist";
				PRODUCT_NAME = "$(TARGET_NAME)";
				WRAPPER_EXTENSION = app;
			};
			name = Debug;
		};
		8CED0B2618F5490A00A61FB6 /* Release */ = {
			isa = XCBuildConfiguration;
			buildSettings = {
				ASSETCATALOG_COMPILER_APPICON_NAME = AppIcon;
				ASSETCATALOG_COMPILER_LAUNCHIMAGE_NAME = LaunchImage;
				GCC_PRECOMPILE_PREFIX_HEADER = YES;
				GCC_PREFIX_HEADER = "ios_traning/ios_traning-Prefix.pch";
				INFOPLIST_FILE = "ios_traning/ios_traning-Info.plist";
				PRODUCT_NAME = "$(TARGET_NAME)";
				WRAPPER_EXTENSION = app;
			};
			name = Release;
		};
		8CED0B2818F5490A00A61FB6 /* Debug */ = {
			isa = XCBuildConfiguration;
			buildSettings = {
				BUNDLE_LOADER = "$(BUILT_PRODUCTS_DIR)/ios_traning.app/ios_traning";
				FRAMEWORK_SEARCH_PATHS = (
					"$(SDKROOT)/Developer/Library/Frameworks",
					"$(inherited)",
					"$(DEVELOPER_FRAMEWORKS_DIR)",
				);
				GCC_PRECOMPILE_PREFIX_HEADER = YES;
				GCC_PREFIX_HEADER = "ios_traning/ios_traning-Prefix.pch";
				GCC_PREPROCESSOR_DEFINITIONS = (
					"DEBUG=1",
					"$(inherited)",
				);
				INFOPLIST_FILE = "ios_traningTests/ios_traningTests-Info.plist";
				PRODUCT_NAME = "$(TARGET_NAME)";
				TEST_HOST = "$(BUNDLE_LOADER)";
				WRAPPER_EXTENSION = xctest;
			};
			name = Debug;
		};
		8CED0B2918F5490A00A61FB6 /* Release */ = {
			isa = XCBuildConfiguration;
			buildSettings = {
				BUNDLE_LOADER = "$(BUILT_PRODUCTS_DIR)/ios_traning.app/ios_traning";
				FRAMEWORK_SEARCH_PATHS = (
					"$(SDKROOT)/Developer/Library/Frameworks",
					"$(inherited)",
					"$(DEVELOPER_FRAMEWORKS_DIR)",
				);
				GCC_PRECOMPILE_PREFIX_HEADER = YES;
				GCC_PREFIX_HEADER = "ios_traning/ios_traning-Prefix.pch";
				INFOPLIST_FILE = "ios_traningTests/ios_traningTests-Info.plist";
				PRODUCT_NAME = "$(TARGET_NAME)";
				TEST_HOST = "$(BUNDLE_LOADER)";
				WRAPPER_EXTENSION = xctest;
			};
			name = Release;
		};
/* End XCBuildConfiguration section */

/* Begin XCConfigurationList section */
		8CED0AEA18F5490900A61FB6 /* Build configuration list for PBXProject "ios_traning" */ = {
			isa = XCConfigurationList;
			buildConfigurations = (
				8CED0B2218F5490A00A61FB6 /* Debug */,
				8CED0B2318F5490A00A61FB6 /* Release */,
			);
			defaultConfigurationIsVisible = 0;
			defaultConfigurationName = Release;
		};
		8CED0B2418F5490A00A61FB6 /* Build configuration list for PBXNativeTarget "ios_traning" */ = {
			isa = XCConfigurationList;
			buildConfigurations = (
				8CED0B2518F5490A00A61FB6 /* Debug */,
				8CED0B2618F5490A00A61FB6 /* Release */,
			);
			defaultConfigurationIsVisible = 0;
			defaultConfigurationName = Release;
		};
		8CED0B2718F5490A00A61FB6 /* Build configuration list for PBXNativeTarget "ios_traningTests" */ = {
			isa = XCConfigurationList;
			buildConfigurations = (
				8CED0B2818F5490A00A61FB6 /* Debug */,
				8CED0B2918F5490A00A61FB6 /* Release */,
			);
			defaultConfigurationIsVisible = 0;
			defaultConfigurationName = Release;
		};
/* End XCConfigurationList section */
	};
	rootObject = 8CED0AE718F5490900A61FB6 /* Project object */;
}
